
Microsoft Visual Studio Solution File, Format Version 12.00
# Visual Studio Version 16
VisualStudioVersion = 16.0.31911.196
MinimumVisualStudioVersion = 10.0.40219.1
Project("{FAE04EC0-301F-11D3-BF4B-00C04F79EFBC}") = "Business", "Business\Business.csproj", "{75D45198-058F-4EDB-8F67-B9F9DE11D2D1}"
EndProject
Project("{FAE04EC0-301F-11D3-BF4B-00C04F79EFBC}") = "DataAccess", "DataAccess\DataAccess.csproj", "{B3733C57-6841-4A87-A44B-F58E9D7ABAD6}"
EndProject
Project("{FAE04EC0-301F-11D3-BF4B-00C04F79EFBC}") = "Core", "Core\Core.csproj", "{88E26A7A-6A1B-42A4-90EC-F7CD032014DD}"
EndProject
Project("{FAE04EC0-301F-11D3-BF4B-00C04F79EFBC}") = "Entities", "Entities\Entities.csproj", "{BECD8E7A-B01F-4BAE-A705-9D7CFD63AB62}"
EndProject
Project("{FAE04EC0-301F-11D3-BF4B-00C04F79EFBC}") = "DormitoryAutomation", "DormitoryAutomation\DormitoryAutomation.csproj", "{1D3C4F28-97B7-4676-A363-916A8A60D4F6}"
EndProject
Global
	GlobalSection(SolutionConfigurationPlatforms) = preSolution
		Debug|Any CPU = Debug|Any CPU
		Release|Any CPU = Release|Any CPU
	EndGlobalSection
	GlobalSection(ProjectConfigurationPlatforms) = postSolution
		{75D45198-058F-4EDB-8F67-B9F9DE11D2D1}.Debug|Any CPU.ActiveCfg = Debug|Any CPU
		{75D45198-058F-4EDB-8F67-B9F9DE11D2D1}.Debug|Any CPU.Build.0 = Debug|Any CPU
		{75D45198-058F-4EDB-8F67-B9F9DE11D2D1}.Release|Any CPU.ActiveCfg = Release|Any CPU
		{75D45198-058F-4EDB-8F67-B9F9DE11D2D1}.Release|Any CPU.Build.0 = Release|Any CPU
		{B3733C57-6841-4A87-A44B-F58E9D7ABAD6}.Debug|Any CPU.ActiveCfg = Debug|Any CPU
		{B3733C57-6841-4A87-A44B-F58E9D7ABAD6}.Debug|Any CPU.Build.0 = Debug|Any CPU
		{B3733C57-6841-4A87-A44B-F58E9D7ABAD6}.Release|Any CPU.ActiveCfg = Release|Any CPU
		{B3733C57-6841-4A87-A44B-F58E9D7ABAD6}.Release|Any CPU.Build.0 = Release|Any CPU
		{88E26A7A-6A1B-42A4-90EC-F7CD032014DD}.Debug|Any CPU.ActiveCfg = Debug|Any CPU
		{88E26A7A-6A1B-42A4-90EC-F7CD032014DD}.Debug|Any CPU.Build.0 = Debug|Any CPU
		{88E26A7A-6A1B-42A4-90EC-F7CD032014DD}.Release|Any CPU.ActiveCfg = Release|Any CPU
		{88E26A7A-6A1B-42A4-90EC-F7CD032014DD}.Release|Any CPU.Build.0 = Release|Any CPU
		{BECD8E7A-B01F-4BAE-A705-9D7CFD63AB62}.Debug|Any CPU.ActiveCfg = Debug|Any CPU
		{BECD8E7A-B01F-4BAE-A705-9D7CFD63AB62}.Debug|Any CPU.Build.0 = Debug|Any CPU
		{BECD8E7A-B01F-4BAE-A705-9D7CFD63AB62}.Release|Any CPU.ActiveCfg = Release|Any CPU
		{BECD8E7A-B01F-4BAE-A705-9D7CFD63AB62}.Release|Any CPU.Build.0 = Release|Any CPU
		{1D3C4F28-97B7-4676-A363-916A8A60D4F6}.Debug|Any CPU.ActiveCfg = Debug|Any CPU
		{1D3C4F28-97B7-4676-A363-916A8A60D4F6}.Debug|Any CPU.Build.0 = Debug|Any CPU
		{1D3C4F28-97B7-4676-A363-916A8A60D4F6}.Release|Any CPU.ActiveCfg = Release|Any CPU
		{1D3C4F28-97B7-4676-A363-916A8A60D4F6}.Release|Any CPU.Build.0 = Release|Any CPU
	EndGlobalSection
	GlobalSection(SolutionProperties) = preSolution
		HideSolutionNode = FALSE
	EndGlobalSection
	GlobalSection(ExtensibilityGlobals) = postSolution
		SolutionGuid = {E5B8AE74-F4C1-477E-B8F2-0EEFA3362C7E}
	EndGlobalSection
EndGlobal
